{
    "_meta": {
        "hash": {
            "sha256": "bfb63b134e825d9a2b8c2c8db4d2298901ab311f2a1a4fa0c0e93686fe437d74"
        },
        "pipfile-spec": 6,
        "requires": {
            "python_version": "3.10"
        },
        "sources": [
            {
                "name": "pypi",
                "url": "https://pypi.org/simple",
                "verify_ssl": true
            }
        ]
    },
    "default": {
        "attrs": {
            "hashes": [
                "sha256:2d27e3784d7a565d36ab851fe94887c5eccd6a463168875832a1be79c82828b4",
                "sha256:626ba8234211db98e869df76230a137c4c40a12d72445c45d5f5b716f076e2fd"
            ],
            "index": "pypi",
            "version": "==21.4.0"
        },
        "punq": {
            "editable": true,
            "path": "."
        }
    },
    "develop": {
        "alabaster": {
            "hashes": [
                "sha256:446438bdcca0e05bd45ea2de1668c1d9b032e1a9154c2c259092d77031ddd359",
                "sha256:a661d72d58e6ea8a57f7a86e37d86716863ee5e92788398526d58b26a4e4dc02"
            ],
            "version": "==0.7.12"
        },
        "attrs": {
            "hashes": [
                "sha256:2d27e3784d7a565d36ab851fe94887c5eccd6a463168875832a1be79c82828b4",
                "sha256:626ba8234211db98e869df76230a137c4c40a12d72445c45d5f5b716f076e2fd"
            ],
            "index": "pypi",
            "version": "==21.4.0"
        },
        "babel": {
            "hashes": [
                "sha256:ab49e12b91d937cd11f0b67cb259a57ab4ad2b59ac7a3b41d6c06c0ac5b0def9",
                "sha256:bc0c176f9f6a994582230df350aa6e05ba2ebe4b3ac317eab29d9be5d2768da0"
            ],
            "markers": "python_version >= '2.7' and python_version not in '3.0, 3.1, 3.2, 3.3'",
            "version": "==2.9.1"
        },
        "black": {
            "hashes": [
                "sha256:07e5c049442d7ca1a2fc273c79d1aecbbf1bc858f62e8184abe1ad175c4f7cc2",
                "sha256:0e21e1f1efa65a50e3960edd068b6ae6d64ad6235bd8bfea116a03b21836af71",
                "sha256:1297c63b9e1b96a3d0da2d85d11cd9bf8664251fd69ddac068b98dc4f34f73b6",
                "sha256:228b5ae2c8e3d6227e4bde5920d2fc66cc3400fde7bcc74f480cb07ef0b570d5",
                "sha256:2d6f331c02f0f40aa51a22e479c8209d37fcd520c77721c034517d44eecf5912",
                "sha256:2ff96450d3ad9ea499fc4c60e425a1439c2120cbbc1ab959ff20f7c76ec7e866",
                "sha256:3524739d76b6b3ed1132422bf9d82123cd1705086723bc3e235ca39fd21c667d",
                "sha256:35944b7100af4a985abfcaa860b06af15590deb1f392f06c8683b4381e8eeaf0",
                "sha256:373922fc66676133ddc3e754e4509196a8c392fec3f5ca4486673e685a421321",
                "sha256:5fa1db02410b1924b6749c245ab38d30621564e658297484952f3d8a39fce7e8",
                "sha256:6f2f01381f91c1efb1451998bd65a129b3ed6f64f79663a55fe0e9b74a5f81fd",
                "sha256:742ce9af3086e5bd07e58c8feb09dbb2b047b7f566eb5f5bc63fd455814979f3",
                "sha256:7835fee5238fc0a0baf6c9268fb816b5f5cd9b8793423a75e8cd663c48d073ba",
                "sha256:8871fcb4b447206904932b54b567923e5be802b9b19b744fdff092bd2f3118d0",
                "sha256:a7c0192d35635f6fc1174be575cb7915e92e5dd629ee79fdaf0dcfa41a80afb5",
                "sha256:b1a5ed73ab4c482208d20434f700d514f66ffe2840f63a6252ecc43a9bc77e8a",
                "sha256:c8226f50b8c34a14608b848dc23a46e5d08397d009446353dad45e04af0c8e28",
                "sha256:ccad888050f5393f0d6029deea2a33e5ae371fd182a697313bdbd835d3edaf9c",
                "sha256:dae63f2dbf82882fa3b2a3c49c32bffe144970a573cd68d247af6560fc493ae1",
                "sha256:e2f69158a7d120fd641d1fa9a921d898e20d52e44a74a6fbbcc570a62a6bc8ab",
                "sha256:efbadd9b52c060a8fc3b9658744091cb33c31f830b3f074422ed27bad2b18e8f",
                "sha256:f5660feab44c2e3cb24b2419b998846cbb01c23c7fe645fee45087efa3da2d61",
                "sha256:fdb8754b453fb15fad3f72cd9cad3e16776f0964d67cf30ebcbf10327a3777a3"
            ],
            "index": "pypi",
            "version": "==22.1.0"
        },
        "certifi": {
            "hashes": [
                "sha256:78884e7c1d4b00ce3cea67b44566851c4343c120abd683433ce934a68ea58872",
                "sha256:d62a0163eb4c2344ac042ab2bdf75399a71a2d8c7d47eac2e2ee91b9d6339569"
            ],
            "version": "==2021.10.8"
        },
        "charset-normalizer": {
            "hashes": [
                "sha256:2857e29ff0d34db842cd7ca3230549d1a697f96ee6d3fb071cfa6c7393832597",
                "sha256:6881edbebdb17b39b4eaaa821b438bf6eddffb4468cf344f09f89def34a8b1df"
            ],
            "markers": "python_version >= '3'",
            "version": "==2.0.12"
        },
        "click": {
            "hashes": [
                "sha256:353f466495adaeb40b6b5f592f9f91cb22372351c84caeb068132442a4518ef3",
                "sha256:410e932b050f5eed773c4cda94de75971c89cdb3155a72a0831139a79e5ecb5b"
            ],
            "markers": "python_version >= '3.6'",
            "version": "==8.0.3"
        },
        "codecov": {
            "hashes": [
                "sha256:585dc217dc3d8185198ceb402f85d5cb5dbfa0c5f350a5abcdf9e347776a5b47",
                "sha256:782a8e5352f22593cbc5427a35320b99490eb24d9dcfa2155fd99d2b75cfb635",
                "sha256:a0da46bb5025426da895af90938def8ee12d37fcbcbbbc15b6dc64cf7ebc51c1"
            ],
            "index": "pypi",
            "version": "==2.1.12"
        },
        "coverage": {
            "extras": [
                "toml"
            ],
            "hashes": [
                "sha256:1245ab82e8554fa88c4b2ab1e098ae051faac5af829efdcf2ce6b34dccd5567c",
                "sha256:1bc6d709939ff262fd1432f03f080c5042dc6508b6e0d3d20e61dd045456a1a0",
                "sha256:25e73d4c81efa8ea3785274a2f7f3bfbbeccb6fcba2a0bdd3be9223371c37554",
                "sha256:276b13cc085474e482566c477c25ed66a097b44c6e77132f3304ac0b039f83eb",
                "sha256:2aed4761809640f02e44e16b8b32c1a5dee5e80ea30a0ff0912158bde9c501f2",
                "sha256:2dd70a167843b4b4b2630c0c56f1b586fe965b4f8ac5da05b6690344fd065c6b",
                "sha256:352c68e233409c31048a3725c446a9e48bbff36e39db92774d4f2380d630d8f8",
                "sha256:3f2b05757c92ad96b33dbf8e8ec8d4ccb9af6ae3c9e9bd141c7cc44d20c6bcba",
                "sha256:448d7bde7ceb6c69e08474c2ddbc5b4cd13c9e4aa4a717467f716b5fc938a734",
                "sha256:463e52616ea687fd323888e86bf25e864a3cc6335a043fad6bbb037dbf49bbe2",
                "sha256:482fb42eea6164894ff82abbcf33d526362de5d1a7ed25af7ecbdddd28fc124f",
                "sha256:56c4a409381ddd7bbff134e9756077860d4e8a583d310a6f38a2315b9ce301d0",
                "sha256:56d296cbc8254a7dffdd7bcc2eb70be5a233aae7c01856d2d936f5ac4e8ac1f1",
                "sha256:5e15d424b8153756b7c903bde6d4610be0c3daca3986173c18dd5c1a1625e4cd",
                "sha256:618eeba986cea7f621d8607ee378ecc8c2504b98b3fdc4952b30fe3578304687",
                "sha256:61d47a897c1e91f33f177c21de897267b38fbb45f2cd8e22a710bcef1df09ac1",
                "sha256:621f6ea7260ea2ffdaec64fe5cb521669984f567b66f62f81445221d4754df4c",
                "sha256:6a5cdc3adb4f8bb8d8f5e64c2e9e282bc12980ef055ec6da59db562ee9bdfefa",
                "sha256:6c3f6158b02ac403868eea390930ae64e9a9a2a5bbfafefbb920d29258d9f2f8",
                "sha256:704f89b87c4f4737da2860695a18c852b78ec7279b24eedacab10b29067d3a38",
                "sha256:72128176fea72012063200b7b395ed8a57849282b207321124d7ff14e26988e8",
                "sha256:78fbb2be068a13a5d99dce9e1e7d168db880870f7bc73f876152130575bd6167",
                "sha256:7bff3a98f63b47464480de1b5bdd80c8fade0ba2832c9381253c9b74c4153c27",
                "sha256:84f2436d6742c01136dd940ee158bfc7cf5ced3da7e4c949662b8703b5cd8145",
                "sha256:9976fb0a5709988778ac9bc44f3d50fccd989987876dfd7716dee28beed0a9fa",
                "sha256:9ad0a117b8dc2061ce9461ea4c1b4799e55edceb236522c5b8f958ce9ed8fa9a",
                "sha256:9e3dd806f34de38d4c01416344e98eab2437ac450b3ae39c62a0ede2f8b5e4ed",
                "sha256:9eb494070aa060ceba6e4bbf44c1bc5fa97bfb883a0d9b0c9049415f9e944793",
                "sha256:9fde6b90889522c220dd56a670102ceef24955d994ff7af2cb786b4ba8fe11e4",
                "sha256:9fff3ff052922cb99f9e52f63f985d4f7a54f6b94287463bc66b7cdf3eb41217",
                "sha256:a06c358f4aed05fa1099c39decc8022261bb07dfadc127c08cfbd1391b09689e",
                "sha256:a4f923b9ab265136e57cc14794a15b9dcea07a9c578609cd5dbbfff28a0d15e6",
                "sha256:c5b81fb37db76ebea79aa963b76d96ff854e7662921ce742293463635a87a78d",
                "sha256:d5ed164af5c9078596cfc40b078c3b337911190d3faeac830c3f1274f26b8320",
                "sha256:d651fde74a4d3122e5562705824507e2f5b2d3d57557f1916c4b27635f8fbe3f",
                "sha256:de73fca6fb403dd72d4da517cfc49fcf791f74eee697d3219f6be29adf5af6ce",
                "sha256:e647a0be741edbb529a72644e999acb09f2ad60465f80757da183528941ff975",
                "sha256:e92c7a5f7d62edff50f60a045dc9542bf939758c95b2fcd686175dd10ce0ed10",
                "sha256:eeffd96882d8c06d31b65dddcf51db7c612547babc1c4c5db6a011abe9798525",
                "sha256:f5a4551dfd09c3bd12fca8144d47fe7745275adf3229b7223c2f9e29a975ebda",
                "sha256:fac0bcc5b7e8169bffa87f0dcc24435446d329cbc2b5486d155c2e0f3b493ae1"
            ],
            "markers": "python_version >= '3.7'",
            "version": "==6.3.1"
        },
        "doc8": {
            "hashes": [
                "sha256:376e50f4e70a1ae935416ddfcf93db35dd5d4cc0e557f2ec72f0667d0ace4548",
                "sha256:551a61df5915f0107e518d582fead47a0a56df7d4a9374feab955ea14dedea84"
            ],
            "index": "pypi",
            "version": "==0.10.1"
        },
        "docutils": {
            "hashes": [
                "sha256:686577d2e4c32380bb50cbb22f575ed742d58168cee37e99117a854bcd88f125",
                "sha256:cf316c8370a737a022b72b56874f6602acf974a37a9fba42ec2876387549fc61"
            ],
            "markers": "python_version >= '2.7' and python_version not in '3.0, 3.1, 3.2, 3.3, 3.4'",
            "version": "==0.17.1"
        },
        "expects": {
            "hashes": [
                "sha256:419902ccafe81b7e9559eeb6b7a07ef9d5c5604eddb93000f0642b3b2d594f4c"
            ],
            "index": "pypi",
            "version": "==0.9.0"
        },
        "idna": {
            "hashes": [
                "sha256:84d9dd047ffa80596e0f246e2eab0b391788b0503584e8945f2368256d2735ff",
                "sha256:9d643ff0a55b762d5cdb124b8eaa99c66322e2157b69160bc32796e824360e6d"
            ],
            "markers": "python_version >= '3'",
            "version": "==3.3"
        },
        "imagesize": {
            "hashes": [
                "sha256:1db2f82529e53c3e929e8926a1fa9235aa82d0bd0c580359c67ec31b2fddaa8c",
                "sha256:cd1750d452385ca327479d45b64d9c7729ecf0b3969a58148298c77092261f9d"
            ],
            "markers": "python_version >= '2.7' and python_version not in '3.0, 3.1, 3.2, 3.3'",
            "version": "==1.3.0"
        },
        "iniconfig": {
            "hashes": [
                "sha256:011e24c64b7f47f6ebd835bb12a743f2fbe9a26d4cecaa7f53bc4f35ee9da8b3",
                "sha256:bc3af051d7d14b2ee5ef9969666def0cd1a000e121eaea580d4a313df4b37f32"
            ],
            "version": "==1.1.1"
        },
        "jinja2": {
            "hashes": [
                "sha256:077ce6014f7b40d03b47d1f1ca4b0fc8328a692bd284016f806ed0eaca390ad8",
                "sha256:611bb273cd68f3b993fabdc4064fc858c5b47a973cb5aa7999ec1ba405c87cd7"
            ],
            "markers": "python_version >= '3.6'",
            "version": "==3.0.3"
        },
        "markupsafe": {
            "hashes": [
                "sha256:01a9b8ea66f1658938f65b93a85ebe8bc016e6769611be228d797c9d998dd298",
                "sha256:023cb26ec21ece8dc3907c0e8320058b2e0cb3c55cf9564da612bc325bed5e64",
                "sha256:0446679737af14f45767963a1a9ef7620189912317d095f2d9ffa183a4d25d2b",
                "sha256:04635854b943835a6ea959e948d19dcd311762c5c0c6e1f0e16ee57022669194",
                "sha256:0717a7390a68be14b8c793ba258e075c6f4ca819f15edfc2a3a027c823718567",
                "sha256:0955295dd5eec6cb6cc2fe1698f4c6d84af2e92de33fbcac4111913cd100a6ff",
                "sha256:0d4b31cc67ab36e3392bbf3862cfbadac3db12bdd8b02a2731f509ed5b829724",
                "sha256:10f82115e21dc0dfec9ab5c0223652f7197feb168c940f3ef61563fc2d6beb74",
                "sha256:168cd0a3642de83558a5153c8bd34f175a9a6e7f6dc6384b9655d2697312a646",
                "sha256:1d609f577dc6e1aa17d746f8bd3c31aa4d258f4070d61b2aa5c4166c1539de35",
                "sha256:1f2ade76b9903f39aa442b4aadd2177decb66525062db244b35d71d0ee8599b6",
                "sha256:20dca64a3ef2d6e4d5d615a3fd418ad3bde77a47ec8a23d984a12b5b4c74491a",
                "sha256:2a7d351cbd8cfeb19ca00de495e224dea7e7d919659c2841bbb7f420ad03e2d6",
                "sha256:2d7d807855b419fc2ed3e631034685db6079889a1f01d5d9dac950f764da3dad",
                "sha256:2ef54abee730b502252bcdf31b10dacb0a416229b72c18b19e24a4509f273d26",
                "sha256:36bc903cbb393720fad60fc28c10de6acf10dc6cc883f3e24ee4012371399a38",
                "sha256:37205cac2a79194e3750b0af2a5720d95f786a55ce7df90c3af697bfa100eaac",
                "sha256:3c112550557578c26af18a1ccc9e090bfe03832ae994343cfdacd287db6a6ae7",
                "sha256:3dd007d54ee88b46be476e293f48c85048603f5f516008bee124ddd891398ed6",
                "sha256:4296f2b1ce8c86a6aea78613c34bb1a672ea0e3de9c6ba08a960efe0b0a09047",
                "sha256:47ab1e7b91c098ab893b828deafa1203de86d0bc6ab587b160f78fe6c4011f75",
                "sha256:49e3ceeabbfb9d66c3aef5af3a60cc43b85c33df25ce03d0031a608b0a8b2e3f",
                "sha256:4dc8f9fb58f7364b63fd9f85013b780ef83c11857ae79f2feda41e270468dd9b",
                "sha256:4efca8f86c54b22348a5467704e3fec767b2db12fc39c6d963168ab1d3fc9135",
                "sha256:53edb4da6925ad13c07b6d26c2a852bd81e364f95301c66e930ab2aef5b5ddd8",
                "sha256:5855f8438a7d1d458206a2466bf82b0f104a3724bf96a1c781ab731e4201731a",
                "sha256:594c67807fb16238b30c44bdf74f36c02cdf22d1c8cda91ef8a0ed8dabf5620a",
                "sha256:5b6d930f030f8ed98e3e6c98ffa0652bdb82601e7a016ec2ab5d7ff23baa78d1",
                "sha256:5bb28c636d87e840583ee3adeb78172efc47c8b26127267f54a9c0ec251d41a9",
                "sha256:60bf42e36abfaf9aff1f50f52644b336d4f0a3fd6d8a60ca0d054ac9f713a864",
                "sha256:611d1ad9a4288cf3e3c16014564df047fe08410e628f89805e475368bd304914",
                "sha256:6300b8454aa6930a24b9618fbb54b5a68135092bc666f7b06901f897fa5c2fee",
                "sha256:63f3268ba69ace99cab4e3e3b5840b03340efed0948ab8f78d2fd87ee5442a4f",
                "sha256:6557b31b5e2c9ddf0de32a691f2312a32f77cd7681d8af66c2692efdbef84c18",
                "sha256:693ce3f9e70a6cf7d2fb9e6c9d8b204b6b39897a2c4a1aa65728d5ac97dcc1d8",
                "sha256:6a7fae0dd14cf60ad5ff42baa2e95727c3d81ded453457771d02b7d2b3f9c0c2",
                "sha256:6c4ca60fa24e85fe25b912b01e62cb969d69a23a5d5867682dd3e80b5b02581d",
                "sha256:6fcf051089389abe060c9cd7caa212c707e58153afa2c649f00346ce6d260f1b",
                "sha256:7d91275b0245b1da4d4cfa07e0faedd5b0812efc15b702576d103293e252af1b",
                "sha256:89c687013cb1cd489a0f0ac24febe8c7a666e6e221b783e53ac50ebf68e45d86",
                "sha256:8d206346619592c6200148b01a2142798c989edcb9c896f9ac9722a99d4e77e6",
                "sha256:905fec760bd2fa1388bb5b489ee8ee5f7291d692638ea5f67982d968366bef9f",
                "sha256:97383d78eb34da7e1fa37dd273c20ad4320929af65d156e35a5e2d89566d9dfb",
                "sha256:984d76483eb32f1bcb536dc27e4ad56bba4baa70be32fa87152832cdd9db0833",
                "sha256:99df47edb6bda1249d3e80fdabb1dab8c08ef3975f69aed437cb69d0a5de1e28",
                "sha256:9f02365d4e99430a12647f09b6cc8bab61a6564363f313126f775eb4f6ef798e",
                "sha256:a30e67a65b53ea0a5e62fe23682cfe22712e01f453b95233b25502f7c61cb415",
                "sha256:ab3ef638ace319fa26553db0624c4699e31a28bb2a835c5faca8f8acf6a5a902",
                "sha256:aca6377c0cb8a8253e493c6b451565ac77e98c2951c45f913e0b52facdcff83f",
                "sha256:add36cb2dbb8b736611303cd3bfcee00afd96471b09cda130da3581cbdc56a6d",
                "sha256:b2f4bf27480f5e5e8ce285a8c8fd176c0b03e93dcc6646477d4630e83440c6a9",
                "sha256:b7f2d075102dc8c794cbde1947378051c4e5180d52d276987b8d28a3bd58c17d",
                "sha256:baa1a4e8f868845af802979fcdbf0bb11f94f1cb7ced4c4b8a351bb60d108145",
                "sha256:be98f628055368795d818ebf93da628541e10b75b41c559fdf36d104c5787066",
                "sha256:bf5d821ffabf0ef3533c39c518f3357b171a1651c1ff6827325e4489b0e46c3c",
                "sha256:c47adbc92fc1bb2b3274c4b3a43ae0e4573d9fbff4f54cd484555edbf030baf1",
                "sha256:cdfba22ea2f0029c9261a4bd07e830a8da012291fbe44dc794e488b6c9bb353a",
                "sha256:d6c7ebd4e944c85e2c3421e612a7057a2f48d478d79e61800d81468a8d842207",
                "sha256:d7f9850398e85aba693bb640262d3611788b1f29a79f0c93c565694658f4071f",
                "sha256:d8446c54dc28c01e5a2dbac5a25f071f6653e6e40f3a8818e8b45d790fe6ef53",
                "sha256:deb993cacb280823246a026e3b2d81c493c53de6acfd5e6bfe31ab3402bb37dd",
                "sha256:e0f138900af21926a02425cf736db95be9f4af72ba1bb21453432a07f6082134",
                "sha256:e9936f0b261d4df76ad22f8fee3ae83b60d7c3e871292cd42f40b81b70afae85",
                "sha256:f0567c4dc99f264f49fe27da5f735f414c4e7e7dd850cfd8e69f0862d7c74ea9",
                "sha256:f5653a225f31e113b152e56f154ccbe59eeb1c7487b39b9d9f9cdb58e6c79dc5",
                "sha256:f826e31d18b516f653fe296d967d700fddad5901ae07c622bb3705955e1faa94",
                "sha256:f8ba0e8349a38d3001fae7eadded3f6606f0da5d748ee53cc1dab1d6527b9509",
                "sha256:f9081981fe268bd86831e5c75f7de206ef275defcb82bc70740ae6dc507aee51",
                "sha256:fa130dd50c57d53368c9d59395cb5526eda596d3ffe36666cd81a44d56e48872"
            ],
            "markers": "python_version >= '3.6'",
            "version": "==2.0.1"
        },
        "mypy-extensions": {
            "hashes": [
                "sha256:090fedd75945a69ae91ce1303b5824f428daf5a028d2f6ab8a299250a846f15d",
                "sha256:2d82818f5bb3e369420cb3c4060a7970edba416647068eb4c5343488a6c604a8"
            ],
            "version": "==0.4.3"
        },
        "packaging": {
            "hashes": [
                "sha256:dd47c42927d89ab911e606518907cc2d3a1f38bbd026385970643f9c5b8ecfeb",
                "sha256:ef103e05f519cdc783ae24ea4e2e0f508a9c99b2d4969652eed6a2e1ea5bd522"
            ],
            "markers": "python_version >= '3.6'",
            "version": "==21.3"
        },
        "pathspec": {
            "hashes": [
                "sha256:7d15c4ddb0b5c802d161efc417ec1a2558ea2653c2e8ad9c19098201dc1c993a",
                "sha256:e564499435a2673d586f6b2130bb5b95f04a3ba06f81b8f895b651a3c76aabb1"
            ],
            "version": "==0.9.0"
        },
        "pbr": {
            "hashes": [
                "sha256:27108648368782d07bbf1cb468ad2e2eeef29086affd14087a6d04b7de8af4ec",
                "sha256:66bc5a34912f408bb3925bf21231cb6f59206267b7f63f3503ef865c1a292e25"
            ],
            "markers": "python_version >= '2.6'",
            "version": "==5.8.1"
        },
        "platformdirs": {
            "hashes": [
                "sha256:30671902352e97b1eafd74ade8e4a694782bd3471685e78c32d0fdfd3aa7e7bb",
                "sha256:8ec11dfba28ecc0715eb5fb0147a87b1bf325f349f3da9aab2cd6b50b96b692b"
            ],
            "markers": "python_version >= '3.7'",
            "version": "==2.5.0"
        },
        "pluggy": {
            "hashes": [
                "sha256:4224373bacce55f955a878bf9cfa763c1e360858e330072059e10bad68531159",
                "sha256:74134bbf457f031a36d68416e1509f34bd5ccc019f0bcc952c7b909d06b37bd3"
            ],
            "markers": "python_version >= '3.6'",
            "version": "==1.0.0"
        },
        "py": {
            "hashes": [
                "sha256:51c75c4126074b472f746a24399ad32f6053d1b34b68d2fa41e558e6f4a98719",
                "sha256:607c53218732647dff4acdfcd50cb62615cedf612e72d1724fb1a0cc6405b378"
            ],
            "markers": "python_version >= '2.7' and python_version not in '3.0, 3.1, 3.2, 3.3, 3.4'",
            "version": "==1.11.0"
        },
        "pygments": {
            "hashes": [
                "sha256:44238f1b60a76d78fc8ca0528ee429702aae011c265fe6a8dd8b63049ae41c65",
                "sha256:4e426f72023d88d03b2fa258de560726ce890ff3b630f88c21cbb8b2503b8c6a"
            ],
            "markers": "python_version >= '3.5'",
            "version": "==2.11.2"
        },
        "pyparsing": {
            "hashes": [
                "sha256:18ee9022775d270c55187733956460083db60b37d0d0fb357445f3094eed3eea",
                "sha256:a6c06a88f252e6c322f65faf8f418b16213b51bdfaece0524c1c1bc30c63c484"
            ],
            "markers": "python_version >= '3.6'",
            "version": "==3.0.7"
        },
        "pytest": {
            "hashes": [
                "sha256:9ce3ff477af913ecf6321fe337b93a2c0dcf2a0a1439c43f5452112c1e4280db",
                "sha256:e30905a0c131d3d94b89624a1cc5afec3e0ba2fbdb151867d8e0ebd49850f171"
            ],
            "index": "pypi",
            "version": "==7.0.1"
        },
        "pytest-cov": {
            "hashes": [
                "sha256:578d5d15ac4a25e5f961c938b85a05b09fdaae9deef3bb6de9a6e766622ca7a6",
                "sha256:e7f0f5b1617d2210a2cabc266dfe2f4c75a8d32fb89eafb7ad9d06f6d076d470"
            ],
            "index": "pypi",
            "version": "==3.0.0"
        },
        "pytz": {
            "hashes": [
                "sha256:3672058bc3453457b622aab7a1c3bfd5ab0bdae451512f6cf25f64ed37f5b87c",
                "sha256:acad2d8b20a1af07d4e4c9d2e9285c5ed9104354062f275f3fcd88dcef4f1326"
            ],
            "version": "==2021.3"
        },
        "requests": {
            "hashes": [
                "sha256:68d7c56fd5a8999887728ef304a6d12edc7be74f1cfa47714fc8b414525c9a61",
                "sha256:f22fa1e554c9ddfd16e6e41ac79759e17be9e492b3587efa038054674760e72d"
            ],
            "markers": "python_version >= '2.7' and python_version not in '3.0, 3.1, 3.2, 3.3, 3.4, 3.5'",
            "version": "==2.27.1"
        },
        "restructuredtext-lint": {
            "hashes": [
                "sha256:d3b10a1fe2ecac537e51ae6d151b223b78de9fafdd50e5eb6b08c243df173c80"
            ],
            "version": "==1.3.2"
        },
        "setuptools": {
            "hashes": [
                "sha256:716f9d20b4c3513d1720245eb1dac009b40c9694c88e940e54b67b8b65d09493",
                "sha256:d181db00651bce5268b8f559795053d5e8f645e4dbafac6d262b22d7e72e19eb"
            ],
            "markers": "python_version >= '3.7'",
            "version": "==60.9.0"
        },
        "setuptools-scm": {
            "hashes": [
                "sha256:6833ac65c6ed9711a4d5d2266f8024cfa07c533a0e55f4c12f6eff280a5a9e30",
                "sha256:acea13255093849de7ccb11af9e1fb8bde7067783450cee9ef7a93139bddf6d4"
            ],
            "index": "pypi",
            "version": "==6.4.2"
        },
        "snowballstemmer": {
            "hashes": [
                "sha256:09b16deb8547d3412ad7b590689584cd0fe25ec8db3be37788be3810cbf19cb1",
                "sha256:c8e1716e83cc398ae16824e5572ae04e0d9fc2c6b985fb0f900f5f0c96ecba1a"
            ],
            "version": "==2.2.0"
        },
        "sphinx": {
            "hashes": [
                "sha256:5da895959511473857b6d0200f56865ed62c31e8f82dd338063b84ec022701fe",
                "sha256:6caad9786055cb1fa22b4a365c1775816b876f91966481765d7d50e9f0dd35cc"
            ],
            "index": "pypi",
            "version": "==4.4.0"
        },
        "sphinxcontrib-applehelp": {
            "hashes": [
                "sha256:806111e5e962be97c29ec4c1e7fe277bfd19e9652fb1a4392105b43e01af885a",
                "sha256:a072735ec80e7675e3f432fcae8610ecf509c5f1869d17e2eecff44389cdbc58"
            ],
            "markers": "python_version >= '3.5'",
            "version": "==1.0.2"
        },
        "sphinxcontrib-devhelp": {
            "hashes": [
                "sha256:8165223f9a335cc1af7ffe1ed31d2871f325254c0423bc0c4c7cd1c1e4734a2e",
                "sha256:ff7f1afa7b9642e7060379360a67e9c41e8f3121f2ce9164266f61b9f4b338e4"
            ],
            "markers": "python_version >= '3.5'",
            "version": "==1.0.2"
        },
        "sphinxcontrib-htmlhelp": {
            "hashes": [
                "sha256:d412243dfb797ae3ec2b59eca0e52dac12e75a241bf0e4eb861e450d06c6ed07",
                "sha256:f5f8bb2d0d629f398bf47d0d69c07bc13b65f75a81ad9e2f71a63d4b7a2f6db2"
            ],
            "markers": "python_version >= '3.6'",
            "version": "==2.0.0"
        },
        "sphinxcontrib-jsmath": {
            "hashes": [
                "sha256:2ec2eaebfb78f3f2078e73666b1415417a116cc848b72e5172e596c871103178",
                "sha256:a9925e4a4587247ed2191a22df5f6970656cb8ca2bd6284309578f2153e0c4b8"
            ],
            "markers": "python_version >= '3.5'",
            "version": "==1.0.1"
        },
        "sphinxcontrib-qthelp": {
            "hashes": [
                "sha256:4c33767ee058b70dba89a6fc5c1892c0d57a54be67ddd3e7875a18d14cba5a72",
                "sha256:bd9fc24bcb748a8d51fd4ecaade681350aa63009a347a8c14e637895444dfab6"
            ],
            "markers": "python_version >= '3.5'",
            "version": "==1.0.3"
        },
        "sphinxcontrib-serializinghtml": {
            "hashes": [
                "sha256:352a9a00ae864471d3a7ead8d7d79f5fc0b57e8b3f95e9867eb9eb28999b92fd",
                "sha256:aa5f6de5dfdf809ef505c4895e51ef5c9eac17d0f287933eb49ec495280b6952"
            ],
            "markers": "python_version >= '3.5'",
            "version": "==1.1.5"
        },
        "stevedore": {
            "hashes": [
                "sha256:a547de73308fd7e90075bb4d301405bebf705292fa90a90fc3bcf9133f58616c",
                "sha256:f40253887d8712eaa2bb0ea3830374416736dc8ec0e22f5a65092c1174c44335"
            ],
            "markers": "python_version >= '3.6'",
            "version": "==3.5.0"
        },
        "tomli": {
            "hashes": [
                "sha256:939de3e7a6161af0c887ef91b7d41a53e7c5a1ca976325f429cb46ea9bc30ecc",
                "sha256:de526c12914f0c550d15924c62d72abc48d6fe7364aa87328337a31007fe8a4f"
            ],
            "markers": "python_version >= '3.7'",
            "version": "==2.0.1"
        },
        "urllib3": {
            "hashes": [
                "sha256:000ca7f471a233c2251c6c7023ee85305721bfdf18621ebff4fd17a8653427ed",
                "sha256:0e7c33d9a63e7ddfcb86780aac87befc2fbddf46c58dbb487e0855f7ceec283c"
            ],
            "markers": "python_version >= '2.7' and python_version not in '3.0, 3.1, 3.2, 3.3, 3.4' and python_version < '4'",
            "version": "==1.26.8"
        }
    }
}
